
Microsoft Visual Studio Solution File, Format Version 12.00
# Visual Studio 15
VisualStudioVersion = 15.0.26430.16
MinimumVisualStudioVersion = 10.0.40219.1
Project("{FAE04EC0-301F-11D3-BF4B-00C04F79EFBC}") = "Eatm", "Eatm\Eatm.csproj", "{E75D051B-F5C1-4C93-85CF-EF6B75EAA38C}"
EndProject
Global
	GlobalSection(SolutionConfigurationPlatforms) = preSolution
		Debug|Any CPU = Debug|Any CPU
		Release|Any CPU = Release|Any CPU
	EndGlobalSection
	GlobalSection(ProjectConfigurationPlatforms) = postSolution
		{E75D051B-F5C1-4C93-85CF-EF6B75EAA38C}.Debug|Any CPU.ActiveCfg = Debug|Any CPU
		{E75D051B-F5C1-4C93-85CF-EF6B75EAA38C}.Debug|Any CPU.Build.0 = Debug|Any CPU
		{E75D051B-F5C1-4C93-85CF-EF6B75EAA38C}.Release|Any CPU.ActiveCfg = Release|Any CPU
		{E75D051B-F5C1-4C93-85CF-EF6B75EAA38C}.Release|Any CPU.Build.0 = Release|Any CPU
	EndGlobalSection
	GlobalSection(SolutionProperties) = preSolution
		HideSolutionNode = FALSE
	EndGlobalSection
EndGlobal
